// !$*UTF8*$!
{
	archiveVersion = 1;
	classes = {
	};
	objectVersion = 50;
	objects = {

/* Begin PBXBuildFile section */
		84776DCB2333F25100CB0A74 /* AppDelegate.swift in Sources */ = {isa = PBXBuildFile; fileRef = 84776DCA2333F25100CB0A74 /* AppDelegate.swift */; };
		84776DCD2333F25100CB0A74 /* ViewController.swift in Sources */ = {isa = PBXBuildFile; fileRef = 84776DCC2333F25100CB0A74 /* ViewController.swift */; };
		84776DD02333F25100CB0A74 /* Main.storyboard in Resources */ = {isa = PBXBuildFile; fileRef = 84776DCE2333F25100CB0A74 /* Main.storyboard */; };
		84776DD22333F25600CB0A74 /* Assets.xcassets in Resources */ = {isa = PBXBuildFile; fileRef = 84776DD12333F25600CB0A74 /* Assets.xcassets */; };
		84776DD52333F25600CB0A74 /* LaunchScreen.storyboard in Resources */ = {isa = PBXBuildFile; fileRef = 84776DD32333F25600CB0A74 /* LaunchScreen.storyboard */; };
		84A4B6DB233403A500D5476D /* ViewController.swift in Sources */ = {isa = PBXBuildFile; fileRef = 84A4B6D3233403A400D5476D /* ViewController.swift */; };
		84A4B6DC233403A500D5476D /* Assets.xcassets in Resources */ = {isa = PBXBuildFile; fileRef = 84A4B6D4233403A400D5476D /* Assets.xcassets */; };
		84A4B6DD233403A500D5476D /* LaunchScreen.storyboard in Resources */ = {isa = PBXBuildFile; fileRef = 84A4B6D5233403A400D5476D /* LaunchScreen.storyboard */; };
		84A4B6DE233403A500D5476D /* Main.storyboard in Resources */ = {isa = PBXBuildFile; fileRef = 84A4B6D7233403A500D5476D /* Main.storyboard */; };
		84A4B6DF233403A500D5476D /* AppDelegate.swift in Sources */ = {isa = PBXBuildFile; fileRef = 84A4B6D9233403A500D5476D /* AppDelegate.swift */; };
		84A4B6E0233403A500D5476D /* Info.plist in Resources */ = {isa = PBXBuildFile; fileRef = 84A4B6DA233403A500D5476D /* Info.plist */; };
/* End PBXBuildFile section */

/* Begin PBXFileReference section */
		84776DC72333F25100CB0A74 /* WarCardGames.app */ = {isa = PBXFileReference; explicitFileType = wrapper.application; includeInIndex = 0; path = WarCardGames.app; sourceTree = BUILT_PRODUCTS_DIR; };
		84776DCA2333F25100CB0A74 /* AppDelegate.swift */ = {isa = PBXFileReference; lastKnownFileType = sourcecode.swift; path = AppDelegate.swift; sourceTree = "<group>"; };
		84776DCC2333F25100CB0A74 /* ViewController.swift */ = {isa = PBXFileReference; lastKnownFileType = sourcecode.swift; path = ViewController.swift; sourceTree = "<group>"; };
		84776DCF2333F25100CB0A74 /* Base */ = {isa = PBXFileReference; lastKnownFileType = file.storyboard; name = Base; path = Base.lproj/Main.storyboard; sourceTree = "<group>"; };
		84776DD12333F25600CB0A74 /* Assets.xcassets */ = {isa = PBXFileReference; lastKnownFileType = folder.assetcatalog; path = Assets.xcassets; sourceTree = "<group>"; };
		84776DD42333F25600CB0A74 /* Base */ = {isa = PBXFileReference; lastKnownFileType = file.storyboard; name = Base; path = Base.lproj/LaunchScreen.storyboard; sourceTree = "<group>"; };
		84776DD62333F25600CB0A74 /* Info.plist */ = {isa = PBXFileReference; lastKnownFileType = text.plist.xml; path = Info.plist; sourceTree = "<group>"; };
		84A4B6CF233403A400D5476D /* WarCardGames.xcodeproj */ = {isa = PBXFileReference; lastKnownFileType = "wrapper.pb-project"; path = WarCardGames.xcodeproj; sourceTree = "<group>"; };
		84A4B6D3233403A400D5476D /* ViewController.swift */ = {isa = PBXFileReference; fileEncoding = 4; lastKnownFileType = sourcecode.swift; path = ViewController.swift; sourceTree = "<group>"; };
		84A4B6D4233403A400D5476D /* Assets.xcassets */ = {isa = PBXFileReference; lastKnownFileType = folder.assetcatalog; path = Assets.xcassets; sourceTree = "<group>"; };
		84A4B6D6233403A500D5476D /* Base */ = {isa = PBXFileReference; lastKnownFileType = file.storyboard; name = Base; path = Base.lproj/LaunchScreen.storyboard; sourceTree = "<group>"; };
		84A4B6D8233403A500D5476D /* Base */ = {isa = PBXFileReference; lastKnownFileType = file.storyboard; name = Base; path = Base.lproj/Main.storyboard; sourceTree = "<group>"; };
		84A4B6D9233403A500D5476D /* AppDelegate.swift */ = {isa = PBXFileReference; fileEncoding = 4; lastKnownFileType = sourcecode.swift; path = AppDelegate.swift; sourceTree = "<group>"; };
		84A4B6DA233403A500D5476D /* Info.plist */ = {isa = PBXFileReference; fileEncoding = 4; lastKnownFileType = text.plist.xml; path = Info.plist; sourceTree = "<group>"; };
/* End PBXFileReference section */

/* Begin PBXFrameworksBuildPhase section */
		84776DC42333F25100CB0A74 /* Frameworks */ = {
			isa = PBXFrameworksBuildPhase;
			buildActionMask = 2147483647;
			files = (
			);
			runOnlyForDeploymentPostprocessing = 0;
		};
/* End PBXFrameworksBuildPhase section */

/* Begin PBXGroup section */
		84776DBE2333F25100CB0A74 = {
			isa = PBXGroup;
			children = (
				84776DC92333F25100CB0A74 /* WarCardGames */,
				84A4B6CE233403A400D5476D /* WarCardGames */,
				84776DC82333F25100CB0A74 /* Products */,
			);
			sourceTree = "<group>";
		};
		84776DC82333F25100CB0A74 /* Products */ = {
			isa = PBXGroup;
			children = (
				84776DC72333F25100CB0A74 /* WarCardGames.app */,
			);
			name = Products;
			sourceTree = "<group>";
		};
		84776DC92333F25100CB0A74 /* WarCardGames */ = {
			isa = PBXGroup;
			children = (
				84776DCA2333F25100CB0A74 /* AppDelegate.swift */,
				84776DCC2333F25100CB0A74 /* ViewController.swift */,
				84776DCE2333F25100CB0A74 /* Main.storyboard */,
				84776DD12333F25600CB0A74 /* Assets.xcassets */,
				84776DD32333F25600CB0A74 /* LaunchScreen.storyboard */,
				84776DD62333F25600CB0A74 /* Info.plist */,
			);
			path = WarCardGames;
			sourceTree = "<group>";
		};
		84A4B6CE233403A400D5476D /* WarCardGames */ = {
			isa = PBXGroup;
			children = (
				84A4B6CF233403A400D5476D /* WarCardGames.xcodeproj */,
				84A4B6D2233403A400D5476D /* WarCardGames */,
			);
			name = WarCardGames;
			sourceTree = "<group>";
		};
		84A4B6D0233403A400D5476D /* Products */ = {
			isa = PBXGroup;
			name = Products;
			sourceTree = "<group>";
		};
		84A4B6D2233403A400D5476D /* WarCardGames */ = {
			isa = PBXGroup;
			children = (
				84A4B6D3233403A400D5476D /* ViewController.swift */,
				84A4B6D4233403A400D5476D /* Assets.xcassets */,
				84A4B6D5233403A400D5476D /* LaunchScreen.storyboard */,
				84A4B6D7233403A500D5476D /* Main.storyboard */,
				84A4B6D9233403A500D5476D /* AppDelegate.swift */,
				84A4B6DA233403A500D5476D /* Info.plist */,
			);
			path = WarCardGames;
			sourceTree = "<group>";
		};
/* End PBXGroup section */

/* Begin PBXNativeTarget section */
		84776DC62333F25100CB0A74 /* WarCardGames */ = {
			isa = PBXNativeTarget;
			buildConfigurationList = 84776DD92333F25600CB0A74 /* Build configuration list for PBXNativeTarget "WarCardGames" */;
			buildPhases = (
				84776DC32333F25100CB0A74 /* Sources */,
				84776DC42333F25100CB0A74 /* Frameworks */,
				84776DC52333F25100CB0A74 /* Resources */,
			);
			buildRules = (
			);
			dependencies = (
			);
			name = WarCardGames;
			productName = WarCardGames;
			productReference = 84776DC72333F25100CB0A74 /* WarCardGames.app */;
			productType = "com.apple.product-type.application";
		};
/* End PBXNativeTarget section */

/* Begin PBXProject section */
		84776DBF2333F25100CB0A74 /* Project object */ = {
			isa = PBXProject;
			attributes = {
				LastSwiftUpdateCheck = 1030;
				LastUpgradeCheck = 1030;
				ORGANIZATIONNAME = "Abraham Tesfay";
				TargetAttributes = {
					84776DC62333F25100CB0A74 = {
						CreatedOnToolsVersion = 10.3;
					};
				};
			};
			buildConfigurationList = 84776DC22333F25100CB0A74 /* Build configuration list for PBXProject "WarCardGames" */;
			compatibilityVersion = "Xcode 9.3";
			developmentRegion = en;
			hasScannedForEncodings = 0;
			knownRegions = (
				en,
				Base,
			);
			mainGroup = 84776DBE2333F25100CB0A74;
			productRefGroup = 84776DC82333F25100CB0A74 /* Products */;
			projectDirPath = "";
			projectReferences = (
				{
					ProductGroup = 84A4B6D0233403A400D5476D /* Products */;
					ProjectRef = 84A4B6CF233403A400D5476D /* WarCardGames.xcodeproj */;
				},
			);
			projectRoot = "";
			targets = (
				84776DC62333F25100CB0A74 /* WarCardGames */,
			);
		};
/* End PBXProject section */

/* Begin PBXResourcesBuildPhase section */
		84776DC52333F25100CB0A74 /* Resources */ = {
			isa = PBXResourcesBuildPhase;
			buildActionMask = 2147483647;
			files = (
				84776DD52333F25600CB0A74 /* LaunchScreen.storyboard in Resources */,
				84776DD22333F25600CB0A74 /* Assets.xcassets in Resources */,
				84A4B6DC233403A500D5476D /* Assets.xcassets in Resources */,
				84A4B6DE233403A500D5476D /* Main.storyboard in Resources */,
				84A4B6DD233403A500D5476D /* LaunchScreen.storyboard in Resources */,
				84776DD02333F25100CB0A74 /* Main.storyboard in Resources */,
				84A4B6E0233403A500D5476D /* Info.plist in Resources */,
			);
			runOnlyForDeploymentPostprocessing = 0;
		};
/* End PBXResourcesBuildPhase section */

/* Begin PBXSourcesBuildPhase section */
		84776DC32333F25100CB0A74 /* Sources */ = {
			isa = PBXSourcesBuildPhase;
			buildActionMask = 2147483647;
			files = (
				84A4B6DF233403A500D5476D /* AppDelegate.swift in Sources */,
				84A4B6DB233403A500D5476D /* ViewController.swift in Sources */,
				84776DCD2333F25100CB0A74 /* ViewController.swift in Sources */,
				84776DCB2333F25100CB0A74 /* AppDelegate.swift in Sources */,
			);
			runOnlyForDeploymentPostprocessing = 0;
		};
/* End PBXSourcesBuildPhase section */

/* Begin PBXVariantGroup section */
		84776DCE2333F25100CB0A74 /* Main.storyboard */ = {
			isa = PBXVariantGroup;
			children = (
				84776DCF2333F25100CB0A74 /* Base */,
			);
			name = Main.storyboard;
			sourceTree = "<group>";
		};
		84776DD32333F25600CB0A74 /* LaunchScreen.storyboard */ = {
			isa = PBXVariantGroup;
			children = (
				84776DD42333F25600CB0A74 /* Base */,
			);
			name = LaunchScreen.storyboard;
			sourceTree = "<group>";
		};
		84A4B6D5233403A400D5476D /* LaunchScreen.storyboard */ = {
			isa = PBXVariantGroup;
			children = (
				84A4B6D6233403A500D5476D /* Base */,
			);
			name = LaunchScreen.storyboard;
			sourceTree = "<group>";
		};
		84A4B6D7233403A500D5476D /* Main.storyboard */ = {
			isa = PBXVariantGroup;
			children = (
				84A4B6D8233403A500D5476D /* Base */,
			);
			name = Main.storyboard;
			sourceTree = "<group>";
		};
/* End PBXVariantGroup section */

/* Begin XCBuildConfiguration section */
		84776DD72333F25600CB0A74 /* Debug */ = {
			isa = XCBuildConfiguration;
			buildSettings = {
				ALWAYS_SEARCH_USER_PATHS = NO;
				CLANG_ANALYZER_NONNULL = YES;
				CLANG_ANALYZER_NUMBER_OBJECT_CONVERSION = YES_AGGRESSIVE;
				CLANG_CXX_LANGUAGE_STANDARD = "gnu++14";
				CLANG_CXX_LIBRARY = "libc++";
				CLANG_ENABLE_MODULES = YES;
				CLANG_ENABLE_OBJC_ARC = YES;
				CLANG_ENABLE_OBJC_WEAK = YES;
				CLANG_WARN_BLOCK_CAPTURE_AUTORELEASING = YES;
				CLANG_WARN_BOOL_CONVERSION = YES;
				CLANG_WARN_COMMA = YES;
				CLANG_WARN_CONSTANT_CONVERSION = YES;
				CLANG_WARN_DEPRECATED_OBJC_IMPLEMENTATIONS = YES;
				CLANG_WARN_DIRECT_OBJC_ISA_USAGE = YES_ERROR;
				CLANG_WARN_DOCUMENTATION_COMMENTS = YES;
				CLANG_WARN_EMPTY_BODY = YES;
				CLANG_WARN_ENUM_CONVERSION = YES;
				CLANG_WARN_INFINITE_RECURSION = YES;
				CLANG_WARN_INT_CONVERSION = YES;
				CLANG_WARN_NON_LITERAL_NULL_CONVERSION = YES;
				CLANG_WARN_OBJC_IMPLICIT_RETAIN_SELF = YES;
				CLANG_WARN_OBJC_LITERAL_CONVERSION = YES;
				CLANG_WARN_OBJC_ROOT_CLASS = YES_ERROR;
				CLANG_WARN_RANGE_LOOP_ANALYSIS = YES;
				CLANG_WARN_STRICT_PROTOTYPES = YES;
				CLANG_WARN_SUSPICIOUS_MOVE = YES;
				CLANG_WARN_UNGUARDED_AVAILABILITY = YES_AGGRESSIVE;
				CLANG_WARN_UNREACHABLE_CODE = YES;
				CLANG_WARN__DUPLICATE_METHOD_MATCH = YES;
				CODE_SIGN_IDENTITY = "iPhone Developer";
				COPY_PHASE_STRIP = NO;
				DEBUG_INFORMATION_FORMAT = dwarf;
				ENABLE_STRICT_OBJC_MSGSEND = YES;
				ENABLE_TESTABILITY = YES;
				GCC_C_LANGUAGE_STANDARD = gnu11;
				GCC_DYNAMIC_NO_PIC = NO;
				GCC_NO_COMMON_BLOCKS = YES;
				GCC_OPTIMIZATION_LEVEL = 0;
				GCC_PREPROCESSOR_DEFINITIONS = (
					"DEBUG=1",
					"$(inherited)",
				);
				GCC_WARN_64_TO_32_BIT_CONVERSION = YES;
				GCC_WARN_ABOUT_RETURN_TYPE = YES_ERROR;
				GCC_WARN_UNDECLARED_SELECTOR = YES;
				GCC_WARN_UNINITIALIZED_AUTOS = YES_AGGRESSIVE;
				GCC_WARN_UNUSED_FUNCTION = YES;
				GCC_WARN_UNUSED_VARIABLE = YES;
				IPHONEOS_DEPLOYMENT_TARGET = 12.4;
				MTL_ENABLE_DEBUG_INFO = INCLUDE_SOURCE;
				MTL_FAST_MATH = YES;
				ONLY_ACTIVE_ARCH = YES;
				SDKROOT = iphoneos;
				SWIFT_ACTIVE_COMPILATION_CONDITIONS = DEBUG;
				SWIFT_OPTIMIZATION_LEVEL = "-Onone";
			};
			name = Debug;
		};
		84776DD82333F25600CB0A74 /* Release */ = {
			isa = XCBuildConfiguration;
			buildSettings = {
				ALWAYS_SEARCH_USER_PATHS = NO;
				CLANG_ANALYZER_NONNULL = YES;
				CLANG_ANALYZER_NUMBER_OBJECT_CONVERSION = YES_AGGRESSIVE;
				CLANG_CXX_LANGUAGE_STANDARD = "gnu++14";
				CLANG_CXX_LIBRARY = "libc++";
				CLANG_ENABLE_MODULES = YES;
				CLANG_ENABLE_OBJC_ARC = YES;
				CLANG_ENABLE_OBJC_WEAK = YES;
				CLANG_WARN_BLOCK_CAPTURE_AUTORELEASING = YES;
				CLANG_WARN_BOOL_CONVERSION = YES;
				CLANG_WARN_COMMA = YES;
				CLANG_WARN_CONSTANT_CONVERSION = YES;
				CLANG_WARN_DEPRECATED_OBJC_IMPLEMENTATIONS = YES;
				CLANG_WARN_DIRECT_OBJC_ISA_USAGE = YES_ERROR;
				CLANG_WARN_DOCUMENTATION_COMMENTS = YES;
				CLANG_WARN_EMPTY_BODY = YES;
				CLANG_WARN_ENUM_CONVERSION = YES;
				CLANG_WARN_INFINITE_RECURSION = YES;
				CLANG_WARN_INT_CONVERSION = YES;
				CLANG_WARN_NON_LITERAL_NULL_CONVERSION = YES;
				CLANG_WARN_OBJC_IMPLICIT_RETAIN_SELF = YES;
				CLANG_WARN_OBJC_LITERAL_CONVERSION = YES;
				CLANG_WARN_OBJC_ROOT_CLASS = YES_ERROR;
				CLANG_WARN_RANGE_LOOP_ANALYSIS = YES;
				CLANG_WARN_STRICT_PROTOTYPES = YES;
				CLANG_WARN_SUSPICIOUS_MOVE = YES;
				CLANG_WARN_UNGUARDED_AVAILABILITY = YES_AGGRESSIVE;
				CLANG_WARN_UNREACHABLE_CODE = YES;
				CLANG_WARN__DUPLICATE_METHOD_MATCH = YES;
				CODE_SIGN_IDENTITY = "iPhone Developer";
				COPY_PHASE_STRIP = NO;
				DEBUG_INFORMATION_FORMAT = "dwarf-with-dsym";
				ENABLE_NS_ASSERTIONS = NO;
				ENABLE_STRICT_OBJC_MSGSEND = YES;
				GCC_C_LANGUAGE_STANDARD = gnu11;
				GCC_NO_COMMON_BLOCKS = YES;
				GCC_WARN_64_TO_32_BIT_CONVERSION = YES;
				GCC_WARN_ABOUT_RETURN_TYPE = YES_ERROR;
				GCC_WARN_UNDECLARED_SELECTOR = YES;
				GCC_WARN_UNINITIALIZED_AUTOS = YES_AGGRESSIVE;
				GCC_WARN_UNUSED_FUNCTION = YES;
				GCC_WARN_UNUSED_VARIABLE = YES;
				IPHONEOS_DEPLOYMENT_TARGET = 12.4;
				MTL_ENABLE_DEBUG_INFO = NO;
				MTL_FAST_MATH = YES;
				SDKROOT = iphoneos;
				SWIFT_COMPILATION_MODE = wholemodule;
				SWIFT_OPTIMIZATION_LEVEL = "-O";
				VALIDATE_PRODUCT = YES;
			};
			name = Release;
		};
		84776DDA2333F25600CB0A74 /* Debug */ = {
			isa = XCBuildConfiguration;
			buildSettings = {
				ASSETCATALOG_COMPILER_APPICON_NAME = AppIcon;
				CODE_SIGN_STYLE = Automatic;
				INFOPLIST_FILE = WarCardGames/Info.plist;
				LD_RUNPATH_SEARCH_PATHS = (
					"$(inherited)",
					"@executable_path/Frameworks",
				);
				PRODUCT_BUNDLE_IDENTIFIER = com.incubatecode.WarCardGames;
				PRODUCT_NAME = "$(TARGET_NAME)";
				SWIFT_VERSION = 5.0;
				TARGETED_DEVICE_FAMILY = "1,2";
			};
			name = Debug;
		};
		84776DDB2333F25600CB0A74 /* Release */ = {
			isa = XCBuildConfiguration;
			buildSettings = {
				ASSETCATALOG_COMPILER_APPICON_NAME = AppIcon;
				CODE_SIGN_STYLE = Automatic;
				INFOPLIST_FILE = WarCardGames/Info.plist;
				LD_RUNPATH_SEARCH_PATHS = (
					"$(inherited)",
					"@executable_path/Frameworks",
				);
				PRODUCT_BUNDLE_IDENTIFIER = com.incubatecode.WarCardGames;
				PRODUCT_NAME = "$(TARGET_NAME)";
				SWIFT_VERSION = 5.0;
				TARGETED_DEVICE_FAMILY = "1,2";
			};
			name = Release;
		};
/* End XCBuildConfiguration section */

/* Begin XCConfigurationList section */
		84776DC22333F25100CB0A74 /* Build configuration list for PBXProject "WarCardGames" */ = {
			isa = XCConfigurationList;
			buildConfigurations = (
				84776DD72333F25600CB0A74 /* Debug */,
				84776DD82333F25600CB0A74 /* Release */,
			);
			defaultConfigurationIsVisible = 0;
			defaultConfigurationName = Release;
		};
		84776DD92333F25600CB0A74 /* Build configuration list for PBXNativeTarget "WarCardGames" */ = {
			isa = XCConfigurationList;
			buildConfigurations = (
				84776DDA2333F25600CB0A74 /* Debug */,
				84776DDB2333F25600CB0A74 /* Release */,
			);
			defaultConfigurationIsVisible = 0;
			defaultConfigurationName = Release;
		};
/* End XCConfigurationList section */
	};
	rootObject = 84776DBF2333F25100CB0A74 /* Project object */;
}
